
Microsoft Visual Studio Solution File, Format Version 12.00
# Visual Studio Version 17
VisualStudioVersion = 17.6.33815.320
MinimumVisualStudioVersion = 10.0.40219.1
Project("{FAE04EC0-301F-11D3-BF4B-00C04F79EFBC}") = "FiguresTest", "FiguresTest\FiguresTest.csproj", "{51BD4B8A-05ED-49CF-AA96-F3D78755E7A6}"
EndProject
Project("{FAE04EC0-301F-11D3-BF4B-00C04F79EFBC}") = "FiguresLib", "FiguresLib\FiguresLib.csproj", "{EAFC9ED4-1C98-4A1F-81C8-D402B3294730}"
EndProject
Project("{FAE04EC0-301F-11D3-BF4B-00C04F79EFBC}") = "DrawLib", "DrawLib\DrawLib.csproj", "{2FF95F58-030C-455B-A1A9-94B2C68C50A7}"
EndProject
Project("{FAE04EC0-301F-11D3-BF4B-00C04F79EFBC}") = "GameLibrary", "GameLibrary\GameLibrary.csproj", "{62F93913-02E8-4165-B33A-5AFD8528EB03}"
EndProject
Project("{FAE04EC0-301F-11D3-BF4B-00C04F79EFBC}") = "InterGame", "InterGame\InterGame.csproj", "{3178859B-BEDE-4D91-87AF-2B5A936B7716}"
EndProject
Global
	GlobalSection(SolutionConfigurationPlatforms) = preSolution
		Debug|Any CPU = Debug|Any CPU
		Release|Any CPU = Release|Any CPU
	EndGlobalSection
	GlobalSection(ProjectConfigurationPlatforms) = postSolution
		{51BD4B8A-05ED-49CF-AA96-F3D78755E7A6}.Debug|Any CPU.ActiveCfg = Debug|Any CPU
		{51BD4B8A-05ED-49CF-AA96-F3D78755E7A6}.Debug|Any CPU.Build.0 = Debug|Any CPU
		{51BD4B8A-05ED-49CF-AA96-F3D78755E7A6}.Release|Any CPU.ActiveCfg = Release|Any CPU
		{51BD4B8A-05ED-49CF-AA96-F3D78755E7A6}.Release|Any CPU.Build.0 = Release|Any CPU
		{EAFC9ED4-1C98-4A1F-81C8-D402B3294730}.Debug|Any CPU.ActiveCfg = Debug|Any CPU
		{EAFC9ED4-1C98-4A1F-81C8-D402B3294730}.Debug|Any CPU.Build.0 = Debug|Any CPU
		{EAFC9ED4-1C98-4A1F-81C8-D402B3294730}.Release|Any CPU.ActiveCfg = Release|Any CPU
		{EAFC9ED4-1C98-4A1F-81C8-D402B3294730}.Release|Any CPU.Build.0 = Release|Any CPU
		{2FF95F58-030C-455B-A1A9-94B2C68C50A7}.Debug|Any CPU.ActiveCfg = Debug|Any CPU
		{2FF95F58-030C-455B-A1A9-94B2C68C50A7}.Debug|Any CPU.Build.0 = Debug|Any CPU
		{2FF95F58-030C-455B-A1A9-94B2C68C50A7}.Release|Any CPU.ActiveCfg = Release|Any CPU
		{2FF95F58-030C-455B-A1A9-94B2C68C50A7}.Release|Any CPU.Build.0 = Release|Any CPU
		{62F93913-02E8-4165-B33A-5AFD8528EB03}.Debug|Any CPU.ActiveCfg = Debug|Any CPU
		{62F93913-02E8-4165-B33A-5AFD8528EB03}.Debug|Any CPU.Build.0 = Debug|Any CPU
		{62F93913-02E8-4165-B33A-5AFD8528EB03}.Release|Any CPU.ActiveCfg = Release|Any CPU
		{62F93913-02E8-4165-B33A-5AFD8528EB03}.Release|Any CPU.Build.0 = Release|Any CPU
		{3178859B-BEDE-4D91-87AF-2B5A936B7716}.Debug|Any CPU.ActiveCfg = Debug|Any CPU
		{3178859B-BEDE-4D91-87AF-2B5A936B7716}.Debug|Any CPU.Build.0 = Debug|Any CPU
		{3178859B-BEDE-4D91-87AF-2B5A936B7716}.Release|Any CPU.ActiveCfg = Release|Any CPU
		{3178859B-BEDE-4D91-87AF-2B5A936B7716}.Release|Any CPU.Build.0 = Release|Any CPU
	EndGlobalSection
	GlobalSection(SolutionProperties) = preSolution
		HideSolutionNode = FALSE
	EndGlobalSection
	GlobalSection(ExtensibilityGlobals) = postSolution
		SolutionGuid = {927C0BEC-6D56-4F40-BDBE-0F37C28FDCF8}
	EndGlobalSection
EndGlobal
